// !$*UTF8*$!
{
	archiveVersion = 1;
	classes = {
	};
	objectVersion = 46;
	objects = {

/* Begin PBXBuildFile section */
		2002FB441955EF38009F9741 /* Foundation.framework in Frameworks */ = {isa = PBXBuildFile; fileRef = 2002FB431955EF38009F9741 /* Foundation.framework */; };
		2002FB461955EF38009F9741 /* CoreGraphics.framework in Frameworks */ = {isa = PBXBuildFile; fileRef = 2002FB451955EF38009F9741 /* CoreGraphics.framework */; };
		2002FB481955EF38009F9741 /* UIKit.framework in Frameworks */ = {isa = PBXBuildFile; fileRef = 2002FB471955EF38009F9741 /* UIKit.framework */; };
		2002FB4E1955EF38009F9741 /* InfoPlist.strings in Resources */ = {isa = PBXBuildFile; fileRef = 2002FB4C1955EF38009F9741 /* InfoPlist.strings */; };
		2002FB501955EF38009F9741 /* main.m in Sources */ = {isa = PBXBuildFile; fileRef = 2002FB4F1955EF38009F9741 /* main.m */; };
		2002FB541955EF38009F9741 /* AppDelegate.m in Sources */ = {isa = PBXBuildFile; fileRef = 2002FB531955EF38009F9741 /* AppDelegate.m */; };
		2002FB571955EF38009F9741 /* Main_iPhone.storyboard in Resources */ = {isa = PBXBuildFile; fileRef = 2002FB551955EF38009F9741 /* Main_iPhone.storyboard */; };
		2002FB5D1955EF38009F9741 /* ViewController.m in Sources */ = {isa = PBXBuildFile; fileRef = 2002FB5C1955EF38009F9741 /* ViewController.m */; };
		2002FB5F1955EF38009F9741 /* Images.xcassets in Resources */ = {isa = PBXBuildFile; fileRef = 2002FB5E1955EF38009F9741 /* Images.xcassets */; };
		2002FB661955EF38009F9741 /* XCTest.framework in Frameworks */ = {isa = PBXBuildFile; fileRef = 2002FB651955EF38009F9741 /* XCTest.framework */; };
		2002FB671955EF38009F9741 /* Foundation.framework in Frameworks */ = {isa = PBXBuildFile; fileRef = 2002FB431955EF38009F9741 /* Foundation.framework */; };
		2002FB681955EF38009F9741 /* UIKit.framework in Frameworks */ = {isa = PBXBuildFile; fileRef = 2002FB471955EF38009F9741 /* UIKit.framework */; };
		2002FB701955EF38009F9741 /* InfoPlist.strings in Resources */ = {isa = PBXBuildFile; fileRef = 2002FB6E1955EF38009F9741 /* InfoPlist.strings */; };
		2002FB721955EF38009F9741 /* CarduinoTests.m in Sources */ = {isa = PBXBuildFile; fileRef = 2002FB711955EF38009F9741 /* CarduinoTests.m */; };
		20B3A228195B947F009C18FD /* CarduinoViewCell.m in Sources */ = {isa = PBXBuildFile; fileRef = 20B3A227195B947F009C18FD /* CarduinoViewCell.m */; };
		20B3A22B195B9496009C18FD /* iPadCarduinoTableCell.xib in Resources */ = {isa = PBXBuildFile; fileRef = 20B3A22A195B9496009C18FD /* iPadCarduinoTableCell.xib */; };
		20D8EFF419760DD40047A065 /* drawView.m in Sources */ = {isa = PBXBuildFile; fileRef = 20D8EFF319760DD40047A065 /* drawView.m */; };
/* End PBXBuildFile section */

/* Begin PBXContainerItemProxy section */
		2002FB691955EF38009F9741 /* PBXContainerItemProxy */ = {
			isa = PBXContainerItemProxy;
			containerPortal = 2002FB381955EF38009F9741 /* Project object */;
			proxyType = 1;
			remoteGlobalIDString = 2002FB3F1955EF38009F9741;
			remoteInfo = Carduino;
		};
/* End PBXContainerItemProxy section */

/* Begin PBXFileReference section */
		2002FB401955EF38009F9741 /* Carduino.app */ = {isa = PBXFileReference; explicitFileType = wrapper.application; includeInIndex = 0; path = Carduino.app; sourceTree = BUILT_PRODUCTS_DIR; };
		2002FB431955EF38009F9741 /* Foundation.framework */ = {isa = PBXFileReference; lastKnownFileType = wrapper.framework; name = Foundation.framework; path = System/Library/Frameworks/Foundation.framework; sourceTree = SDKROOT; };
		2002FB451955EF38009F9741 /* CoreGraphics.framework */ = {isa = PBXFileReference; lastKnownFileType = wrapper.framework; name = CoreGraphics.framework; path = System/Library/Frameworks/CoreGraphics.framework; sourceTree = SDKROOT; };
		2002FB471955EF38009F9741 /* UIKit.framework */ = {isa = PBXFileReference; lastKnownFileType = wrapper.framework; name = UIKit.framework; path = System/Library/Frameworks/UIKit.framework; sourceTree = SDKROOT; };
		2002FB4B1955EF38009F9741 /* Carduino-Info.plist */ = {isa = PBXFileReference; lastKnownFileType = text.plist.xml; path = "Carduino-Info.plist"; sourceTree = "<group>"; };
		2002FB4D1955EF38009F9741 /* en */ = {isa = PBXFileReference; lastKnownFileType = text.plist.strings; name = en; path = en.lproj/InfoPlist.strings; sourceTree = "<group>"; };
		2002FB4F1955EF38009F9741 /* main.m */ = {isa = PBXFileReference; lastKnownFileType = sourcecode.c.objc; path = main.m; sourceTree = "<group>"; };
		2002FB511955EF38009F9741 /* Carduino-Prefix.pch */ = {isa = PBXFileReference; lastKnownFileType = sourcecode.c.h; path = "Carduino-Prefix.pch"; sourceTree = "<group>"; };
		2002FB521955EF38009F9741 /* AppDelegate.h */ = {isa = PBXFileReference; lastKnownFileType = sourcecode.c.h; path = AppDelegate.h; sourceTree = "<group>"; };
		2002FB531955EF38009F9741 /* AppDelegate.m */ = {isa = PBXFileReference; lastKnownFileType = sourcecode.c.objc; path = AppDelegate.m; sourceTree = "<group>"; };
		2002FB561955EF38009F9741 /* Base */ = {isa = PBXFileReference; lastKnownFileType = file.storyboard; name = Base; path = Base.lproj/Main_iPhone.storyboard; sourceTree = "<group>"; };
		2002FB5B1955EF38009F9741 /* ViewController.h */ = {isa = PBXFileReference; lastKnownFileType = sourcecode.c.h; path = ViewController.h; sourceTree = "<group>"; };
		2002FB5C1955EF38009F9741 /* ViewController.m */ = {isa = PBXFileReference; lastKnownFileType = sourcecode.c.objc; path = ViewController.m; sourceTree = "<group>"; };
		2002FB5E1955EF38009F9741 /* Images.xcassets */ = {isa = PBXFileReference; lastKnownFileType = folder.assetcatalog; path = Images.xcassets; sourceTree = "<group>"; };
		2002FB641955EF38009F9741 /* CarduinoTests.xctest */ = {isa = PBXFileReference; explicitFileType = wrapper.cfbundle; includeInIndex = 0; path = CarduinoTests.xctest; sourceTree = BUILT_PRODUCTS_DIR; };
		2002FB651955EF38009F9741 /* XCTest.framework */ = {isa = PBXFileReference; lastKnownFileType = wrapper.framework; name = XCTest.framework; path = Library/Frameworks/XCTest.framework; sourceTree = DEVELOPER_DIR; };
		2002FB6D1955EF38009F9741 /* CarduinoTests-Info.plist */ = {isa = PBXFileReference; lastKnownFileType = text.plist.xml; path = "CarduinoTests-Info.plist"; sourceTree = "<group>"; };
		2002FB6F1955EF38009F9741 /* en */ = {isa = PBXFileReference; lastKnownFileType = text.plist.strings; name = en; path = en.lproj/InfoPlist.strings; sourceTree = "<group>"; };
		2002FB711955EF38009F9741 /* CarduinoTests.m */ = {isa = PBXFileReference; lastKnownFileType = sourcecode.c.objc; path = CarduinoTests.m; sourceTree = "<group>"; };
		20B3A227195B947F009C18FD /* CarduinoViewCell.m */ = {isa = PBXFileReference; fileEncoding = 4; lastKnownFileType = sourcecode.c.objc; path = CarduinoViewCell.m; sourceTree = "<group>"; };
		20B3A229195B948F009C18FD /* CarduinoViewCell.h */ = {isa = PBXFileReference; lastKnownFileType = sourcecode.c.h; path = CarduinoViewCell.h; sourceTree = "<group>"; };
		20B3A22A195B9496009C18FD /* iPadCarduinoTableCell.xib */ = {isa = PBXFileReference; fileEncoding = 4; lastKnownFileType = file.xib; path = iPadCarduinoTableCell.xib; sourceTree = "<group>"; };
		20D8EFF219760DD40047A065 /* drawView.h */ = {isa = PBXFileReference; fileEncoding = 4; lastKnownFileType = sourcecode.c.h; path = drawView.h; sourceTree = "<group>"; };
		20D8EFF319760DD40047A065 /* drawView.m */ = {isa = PBXFileReference; fileEncoding = 4; lastKnownFileType = sourcecode.c.objc; path = drawView.m; sourceTree = "<group>"; };
/* End PBXFileReference section */

/* Begin PBXFrameworksBuildPhase section */
		2002FB3D1955EF38009F9741 /* Frameworks */ = {
			isa = PBXFrameworksBuildPhase;
			buildActionMask = 2147483647;
			files = (
				2002FB461955EF38009F9741 /* CoreGraphics.framework in Frameworks */,
				2002FB481955EF38009F9741 /* UIKit.framework in Frameworks */,
				2002FB441955EF38009F9741 /* Foundation.framework in Frameworks */,
			);
			runOnlyForDeploymentPostprocessing = 0;
		};
		2002FB611955EF38009F9741 /* Frameworks */ = {
			isa = PBXFrameworksBuildPhase;
			buildActionMask = 2147483647;
			files = (
				2002FB661955EF38009F9741 /* XCTest.framework in Frameworks */,
				2002FB681955EF38009F9741 /* UIKit.framework in Frameworks */,
				2002FB671955EF38009F9741 /* Foundation.framework in Frameworks */,
			);
			runOnlyForDeploymentPostprocessing = 0;
		};
/* End PBXFrameworksBuildPhase section */

/* Begin PBXGroup section */
		2002FB371955EF38009F9741 = {
			isa = PBXGroup;
			children = (
				2002FB491955EF38009F9741 /* Carduino */,
				2002FB6B1955EF38009F9741 /* CarduinoTests */,
				2002FB421955EF38009F9741 /* Frameworks */,
				2002FB411955EF38009F9741 /* Products */,
			);
			sourceTree = "<group>";
		};
		2002FB411955EF38009F9741 /* Products */ = {
			isa = PBXGroup;
			children = (
				2002FB401955EF38009F9741 /* Carduino.app */,
				2002FB641955EF38009F9741 /* CarduinoTests.xctest */,
			);
			name = Products;
			sourceTree = "<group>";
		};
		2002FB421955EF38009F9741 /* Frameworks */ = {
			isa = PBXGroup;
			children = (
				2002FB431955EF38009F9741 /* Foundation.framework */,
				2002FB451955EF38009F9741 /* CoreGraphics.framework */,
				2002FB471955EF38009F9741 /* UIKit.framework */,
				2002FB651955EF38009F9741 /* XCTest.framework */,
			);
			name = Frameworks;
			sourceTree = "<group>";
		};
		2002FB491955EF38009F9741 /* Carduino */ = {
			isa = PBXGroup;
			children = (
				20B3A22C195B94C2009C18FD /* CarduinoCustomCell */,
				2002FB521955EF38009F9741 /* AppDelegate.h */,
				2002FB531955EF38009F9741 /* AppDelegate.m */,
				2002FB551955EF38009F9741 /* Main_iPhone.storyboard */,
				2002FB5B1955EF38009F9741 /* ViewController.h */,
				2002FB5C1955EF38009F9741 /* ViewController.m */,
				2002FB5E1955EF38009F9741 /* Images.xcassets */,
				2002FB4A1955EF38009F9741 /* Supporting Files */,
			);
			path = Carduino;
			sourceTree = "<group>";
		};
		2002FB4A1955EF38009F9741 /* Supporting Files */ = {
			isa = PBXGroup;
			children = (
				20D8EFF219760DD40047A065 /* drawView.h */,
				20D8EFF319760DD40047A065 /* drawView.m */,
				2002FB4B1955EF38009F9741 /* Carduino-Info.plist */,
				2002FB4C1955EF38009F9741 /* InfoPlist.strings */,
				2002FB4F1955EF38009F9741 /* main.m */,
				2002FB511955EF38009F9741 /* Carduino-Prefix.pch */,
			);
			name = "Supporting Files";
			sourceTree = "<group>";
		};
		2002FB6B1955EF38009F9741 /* CarduinoTests */ = {
			isa = PBXGroup;
			children = (
				2002FB711955EF38009F9741 /* CarduinoTests.m */,
				2002FB6C1955EF38009F9741 /* Supporting Files */,
			);
			path = CarduinoTests;
			sourceTree = "<group>";
		};
		2002FB6C1955EF38009F9741 /* Supporting Files */ = {
			isa = PBXGroup;
			children = (
				2002FB6D1955EF38009F9741 /* CarduinoTests-Info.plist */,
				2002FB6E1955EF38009F9741 /* InfoPlist.strings */,
			);
			name = "Supporting Files";
			sourceTree = "<group>";
		};
		20B3A22C195B94C2009C18FD /* CarduinoCustomCell */ = {
			isa = PBXGroup;
			children = (
				20B3A22A195B9496009C18FD /* iPadCarduinoTableCell.xib */,
				20B3A229195B948F009C18FD /* CarduinoViewCell.h */,
				20B3A227195B947F009C18FD /* CarduinoViewCell.m */,
			);
			name = CarduinoCustomCell;
			sourceTree = "<group>";
		};
/* End PBXGroup section */

/* Begin PBXNativeTarget section */
		2002FB3F1955EF38009F9741 /* Carduino */ = {
			isa = PBXNativeTarget;
			buildConfigurationList = 2002FB751955EF38009F9741 /* Build configuration list for PBXNativeTarget "Carduino" */;
			buildPhases = (
				2002FB3C1955EF38009F9741 /* Sources */,
				2002FB3D1955EF38009F9741 /* Frameworks */,
				2002FB3E1955EF38009F9741 /* Resources */,
			);
			buildRules = (
			);
			dependencies = (
			);
			name = Carduino;
			productName = Carduino;
			productReference = 2002FB401955EF38009F9741 /* Carduino.app */;
			productType = "com.apple.product-type.application";
		};
		2002FB631955EF38009F9741 /* CarduinoTests */ = {
			isa = PBXNativeTarget;
			buildConfigurationList = 2002FB781955EF38009F9741 /* Build configuration list for PBXNativeTarget "CarduinoTests" */;
			buildPhases = (
				2002FB601955EF38009F9741 /* Sources */,
				2002FB611955EF38009F9741 /* Frameworks */,
				2002FB621955EF38009F9741 /* Resources */,
			);
			buildRules = (
			);
			dependencies = (
				2002FB6A1955EF38009F9741 /* PBXTargetDependency */,
			);
			name = CarduinoTests;
			productName = CarduinoTests;
			productReference = 2002FB641955EF38009F9741 /* CarduinoTests.xctest */;
			productType = "com.apple.product-type.bundle.unit-test";
		};
/* End PBXNativeTarget section */

/* Begin PBXProject section */
		2002FB381955EF38009F9741 /* Project object */ = {
			isa = PBXProject;
			attributes = {
				LastUpgradeCheck = 0510;
				ORGANIZATIONNAME = "Honeysuckle Hardware";
				TargetAttributes = {
					2002FB631955EF38009F9741 = {
						TestTargetID = 2002FB3F1955EF38009F9741;
					};
				};
			};
			buildConfigurationList = 2002FB3B1955EF38009F9741 /* Build configuration list for PBXProject "Carduino" */;
			compatibilityVersion = "Xcode 3.2";
			developmentRegion = English;
			hasScannedForEncodings = 0;
			knownRegions = (
				en,
				Base,
			);
			mainGroup = 2002FB371955EF38009F9741;
			productRefGroup = 2002FB411955EF38009F9741 /* Products */;
			projectDirPath = "";
			projectRoot = "";
			targets = (
				2002FB3F1955EF38009F9741 /* Carduino */,
				2002FB631955EF38009F9741 /* CarduinoTests */,
			);
		};
/* End PBXProject section */

/* Begin PBXResourcesBuildPhase section */
		2002FB3E1955EF38009F9741 /* Resources */ = {
			isa = PBXResourcesBuildPhase;
			buildActionMask = 2147483647;
			files = (
				2002FB5F1955EF38009F9741 /* Images.xcassets in Resources */,
				20B3A22B195B9496009C18FD /* iPadCarduinoTableCell.xib in Resources */,
				2002FB571955EF38009F9741 /* Main_iPhone.storyboard in Resources */,
				2002FB4E1955EF38009F9741 /* InfoPlist.strings in Resources */,
			);
			runOnlyForDeploymentPostprocessing = 0;
		};
		2002FB621955EF38009F9741 /* Resources */ = {
			isa = PBXResourcesBuildPhase;
			buildActionMask = 2147483647;
			files = (
				2002FB701955EF38009F9741 /* InfoPlist.strings in Resources */,
			);
			runOnlyForDeploymentPostprocessing = 0;
		};
/* End PBXResourcesBuildPhase section */

/* Begin PBXSourcesBuildPhase section */
		2002FB3C1955EF38009F9741 /* Sources */ = {
			isa = PBXSourcesBuildPhase;
			buildActionMask = 2147483647;
			files = (
				2002FB5D1955EF38009F9741 /* ViewController.m in Sources */,
				20D8EFF419760DD40047A065 /* drawView.m in Sources */,
				20B3A228195B947F009C18FD /* CarduinoViewCell.m in Sources */,
				2002FB541955EF38009F9741 /* AppDelegate.m in Sources */,
				2002FB501955EF38009F9741 /* main.m in Sources */,
			);
			runOnlyForDeploymentPostprocessing = 0;
		};
		2002FB601955EF38009F9741 /* Sources */ = {
			isa = PBXSourcesBuildPhase;
			buildActionMask = 2147483647;
			files = (
				2002FB721955EF38009F9741 /* CarduinoTests.m in Sources */,
			);
			runOnlyForDeploymentPostprocessing = 0;
		};
/* End PBXSourcesBuildPhase section */

/* Begin PBXTargetDependency section */
		2002FB6A1955EF38009F9741 /* PBXTargetDependency */ = {
			isa = PBXTargetDependency;
			target = 2002FB3F1955EF38009F9741 /* Carduino */;
			targetProxy = 2002FB691955EF38009F9741 /* PBXContainerItemProxy */;
		};
/* End PBXTargetDependency section */

/* Begin PBXVariantGroup section */
		2002FB4C1955EF38009F9741 /* InfoPlist.strings */ = {
			isa = PBXVariantGroup;
			children = (
				2002FB4D1955EF38009F9741 /* en */,
			);
			name = InfoPlist.strings;
			sourceTree = "<group>";
		};
		2002FB551955EF38009F9741 /* Main_iPhone.storyboard */ = {
			isa = PBXVariantGroup;
			children = (
				2002FB561955EF38009F9741 /* Base */,
			);
			name = Main_iPhone.storyboard;
			sourceTree = "<group>";
		};
		2002FB6E1955EF38009F9741 /* InfoPlist.strings */ = {
			isa = PBXVariantGroup;
			children = (
				2002FB6F1955EF38009F9741 /* en */,
			);
			name = InfoPlist.strings;
			sourceTree = "<group>";
		};
/* End PBXVariantGroup section */

/* Begin XCBuildConfiguration section */
		2002FB731955EF38009F9741 /* Debug */ = {
			isa = XCBuildConfiguration;
			buildSettings = {
				ALWAYS_SEARCH_USER_PATHS = NO;
				CLANG_CXX_LANGUAGE_STANDARD = "gnu++0x";
				CLANG_CXX_LIBRARY = "libc++";
				CLANG_ENABLE_MODULES = YES;
				CLANG_ENABLE_OBJC_ARC = YES;
				CLANG_WARN_BOOL_CONVERSION = YES;
				CLANG_WARN_CONSTANT_CONVERSION = YES;
				CLANG_WARN_DIRECT_OBJC_ISA_USAGE = YES_ERROR;
				CLANG_WARN_EMPTY_BODY = YES;
				CLANG_WARN_ENUM_CONVERSION = YES;
				CLANG_WARN_INT_CONVERSION = YES;
				CLANG_WARN_OBJC_ROOT_CLASS = YES_ERROR;
				CLANG_WARN__DUPLICATE_METHOD_MATCH = YES;
				"CODE_SIGN_IDENTITY[sdk=iphoneos*]" = "iPhone Developer";
				COPY_PHASE_STRIP = NO;
				GCC_C_LANGUAGE_STANDARD = gnu99;
				GCC_DYNAMIC_NO_PIC = NO;
				GCC_OPTIMIZATION_LEVEL = 0;
				GCC_PREPROCESSOR_DEFINITIONS = (
					"DEBUG=1",
					"$(inherited)",
				);
				GCC_SYMBOLS_PRIVATE_EXTERN = NO;
				GCC_WARN_64_TO_32_BIT_CONVERSION = YES;
				GCC_WARN_ABOUT_RETURN_TYPE = YES_ERROR;
				GCC_WARN_UNDECLARED_SELECTOR = YES;
				GCC_WARN_UNINITIALIZED_AUTOS = YES_AGGRESSIVE;
				GCC_WARN_UNUSED_FUNCTION = YES;
				GCC_WARN_UNUSED_VARIABLE = YES;
				IPHONEOS_DEPLOYMENT_TARGET = 7.1;
				ONLY_ACTIVE_ARCH = YES;
				SDKROOT = iphoneos;
				TARGETED_DEVICE_FAMILY = "1,2";
			};
			name = Debug;
		};
		2002FB741955EF38009F9741 /* Release */ = {
			isa = XCBuildConfiguration;
			buildSettings = {
				ALWAYS_SEARCH_USER_PATHS = NO;
				CLANG_CXX_LANGUAGE_STANDARD = "gnu++0x";
				CLANG_CXX_LIBRARY = "libc++";
				CLANG_ENABLE_MODULES = YES;
				CLANG_ENABLE_OBJC_ARC = YES;
				CLANG_WARN_BOOL_CONVERSION = YES;
				CLANG_WARN_CONSTANT_CONVERSION = YES;
				CLANG_WARN_DIRECT_OBJC_ISA_USAGE = YES_ERROR;
				CLANG_WARN_EMPTY_BODY = YES;
				CLANG_WARN_ENUM_CONVERSION = YES;
				CLANG_WARN_INT_CONVERSION = YES;
				CLANG_WARN_OBJC_ROOT_CLASS = YES_ERROR;
				CLANG_WARN__DUPLICATE_METHOD_MATCH = YES;
				"CODE_SIGN_IDENTITY[sdk=iphoneos*]" = "iPhone Developer";
				COPY_PHASE_STRIP = YES;
				ENABLE_NS_ASSERTIONS = NO;
				GCC_C_LANGUAGE_STANDARD = gnu99;
				GCC_WARN_64_TO_32_BIT_CONVERSION = YES;
				GCC_WARN_ABOUT_RETURN_TYPE = YES_ERROR;
				GCC_WARN_UNDECLARED_SELECTOR = YES;
				GCC_WARN_UNINITIALIZED_AUTOS = YES_AGGRESSIVE;
				GCC_WARN_UNUSED_FUNCTION = YES;
				GCC_WARN_UNUSED_VARIABLE = YES;
				IPHONEOS_DEPLOYMENT_TARGET = 7.1;
				SDKROOT = iphoneos;
				TARGETED_DEVICE_FAMILY = "1,2";
				VALIDATE_PRODUCT = YES;
			};
			name = Release;
		};
		2002FB761955EF38009F9741 /* Debug */ = {
			isa = XCBuildConfiguration;
			buildSettings = {
				ASSETCATALOG_COMPILER_APPICON_NAME = AppIcon;
				ASSETCATALOG_COMPILER_LAUNCHIMAGE_NAME = LaunchImage;
				GCC_PRECOMPILE_PREFIX_HEADER = YES;
				GCC_PREFIX_HEADER = "Carduino/Carduino-Prefix.pch";
				INFOPLIST_FILE = "Carduino/Carduino-Info.plist";
				PRODUCT_NAME = "$(TARGET_NAME)";
				TARGETED_DEVICE_FAMILY = 1;
				WRAPPER_EXTENSION = app;
			};
			name = Debug;
		};
		2002FB771955EF38009F9741 /* Release */ = {
			isa = XCBuildConfiguration;
			buildSettings = {
				ASSETCATALOG_COMPILER_APPICON_NAME = AppIcon;
				ASSETCATALOG_COMPILER_LAUNCHIMAGE_NAME = LaunchImage;
				GCC_PRECOMPILE_PREFIX_HEADER = YES;
				GCC_PREFIX_HEADER = "Carduino/Carduino-Prefix.pch";
				INFOPLIST_FILE = "Carduino/Carduino-Info.plist";
				PRODUCT_NAME = "$(TARGET_NAME)";
				TARGETED_DEVICE_FAMILY = 1;
				WRAPPER_EXTENSION = app;
			};
			name = Release;
		};
		2002FB791955EF38009F9741 /* Debug */ = {
			isa = XCBuildConfiguration;
			buildSettings = {
				BUNDLE_LOADER = "$(BUILT_PRODUCTS_DIR)/Carduino.app/Carduino";
				FRAMEWORK_SEARCH_PATHS = (
					"$(SDKROOT)/Developer/Library/Frameworks",
					"$(inherited)",
					"$(DEVELOPER_FRAMEWORKS_DIR)",
				);
				GCC_PRECOMPILE_PREFIX_HEADER = YES;
				GCC_PREFIX_HEADER = "Carduino/Carduino-Prefix.pch";
				GCC_PREPROCESSOR_DEFINITIONS = (
					"DEBUG=1",
					"$(inherited)",
				);
				INFOPLIST_FILE = "CarduinoTests/CarduinoTests-Info.plist";
				PRODUCT_NAME = "$(TARGET_NAME)";
				TEST_HOST = "$(BUNDLE_LOADER)";
				WRAPPER_EXTENSION = xctest;
			};
			name = Debug;
		};
		2002FB7A1955EF38009F9741 /* Release */ = {
			isa = XCBuildConfiguration;
			buildSettings = {
				BUNDLE_LOADER = "$(BUILT_PRODUCTS_DIR)/Carduino.app/Carduino";
				FRAMEWORK_SEARCH_PATHS = (
					"$(SDKROOT)/Developer/Library/Frameworks",
					"$(inherited)",
					"$(DEVELOPER_FRAMEWORKS_DIR)",
				);
				GCC_PRECOMPILE_PREFIX_HEADER = YES;
				GCC_PREFIX_HEADER = "Carduino/Carduino-Prefix.pch";
				INFOPLIST_FILE = "CarduinoTests/CarduinoTests-Info.plist";
				PRODUCT_NAME = "$(TARGET_NAME)";
				TEST_HOST = "$(BUNDLE_LOADER)";
				WRAPPER_EXTENSION = xctest;
			};
			name = Release;
		};
/* End XCBuildConfiguration section */

/* Begin XCConfigurationList section */
		2002FB3B1955EF38009F9741 /* Build configuration list for PBXProject "Carduino" */ = {
			isa = XCConfigurationList;
			buildConfigurations = (
				2002FB731955EF38009F9741 /* Debug */,
				2002FB741955EF38009F9741 /* Release */,
			);
			defaultConfigurationIsVisible = 0;
			defaultConfigurationName = Release;
		};
		2002FB751955EF38009F9741 /* Build configuration list for PBXNativeTarget "Carduino" */ = {
			isa = XCConfigurationList;
			buildConfigurations = (
				2002FB761955EF38009F9741 /* Debug */,
				2002FB771955EF38009F9741 /* Release */,
			);
			defaultConfigurationIsVisible = 0;
			defaultConfigurationName = Release;
		};
		2002FB781955EF38009F9741 /* Build configuration list for PBXNativeTarget "CarduinoTests" */ = {
			isa = XCConfigurationList;
			buildConfigurations = (
				2002FB791955EF38009F9741 /* Debug */,
				2002FB7A1955EF38009F9741 /* Release */,
			);
			defaultConfigurationIsVisible = 0;
			defaultConfigurationName = Release;
		};
/* End XCConfigurationList section */
	};
	rootObject = 2002FB381955EF38009F9741 /* Project object */;
}
